
Microsoft Visual Studio Solution File, Format Version 12.00
# Visual Studio 15
VisualStudioVersion = 15.0.27406.0
MinimumVisualStudioVersion = 10.0.40219.1
Project("{FAE04EC0-301F-11D3-BF4B-00C04F79EFBC}") = "WordpressAutomation", "WordpressAutomation\WordpressAutomation.csproj", "{A0A4BC31-8733-4D06-AA7A-FA53FB19533B}"
EndProject
Project("{FAE04EC0-301F-11D3-BF4B-00C04F79EFBC}") = "WordpressTests", "WordpressTests\WordpressTests.csproj", "{CAAC81F0-DFFD-4D5B-AA0B-7DE2247D1F70}"
EndProject
Global
	GlobalSection(SolutionConfigurationPlatforms) = preSolution
		Debug|Any CPU = Debug|Any CPU
		Release|Any CPU = Release|Any CPU
	EndGlobalSection
	GlobalSection(ProjectConfigurationPlatforms) = postSolution
		{A0A4BC31-8733-4D06-AA7A-FA53FB19533B}.Debug|Any CPU.ActiveCfg = Debug|Any CPU
		{A0A4BC31-8733-4D06-AA7A-FA53FB19533B}.Debug|Any CPU.Build.0 = Debug|Any CPU
		{A0A4BC31-8733-4D06-AA7A-FA53FB19533B}.Release|Any CPU.ActiveCfg = Release|Any CPU
		{A0A4BC31-8733-4D06-AA7A-FA53FB19533B}.Release|Any CPU.Build.0 = Release|Any CPU
		{CAAC81F0-DFFD-4D5B-AA0B-7DE2247D1F70}.Debug|Any CPU.ActiveCfg = Debug|Any CPU
		{CAAC81F0-DFFD-4D5B-AA0B-7DE2247D1F70}.Debug|Any CPU.Build.0 = Debug|Any CPU
		{CAAC81F0-DFFD-4D5B-AA0B-7DE2247D1F70}.Release|Any CPU.ActiveCfg = Release|Any CPU
		{CAAC81F0-DFFD-4D5B-AA0B-7DE2247D1F70}.Release|Any CPU.Build.0 = Release|Any CPU
	EndGlobalSection
	GlobalSection(SolutionProperties) = preSolution
		HideSolutionNode = FALSE
	EndGlobalSection
	GlobalSection(ExtensibilityGlobals) = postSolution
		SolutionGuid = {428A145B-1E67-4BC0-9D4D-AC44047789CA}
	EndGlobalSection
EndGlobal
